
Microsoft Visual Studio Solution File, Format Version 11.00
# Visual Studio 2010
Project("{FAE04EC0-301F-11D3-BF4B-00C04F79EFBC}") = "FourDO", "FourDO\FourDO.csproj", "{0CD2AFB0-E0C8-4295-8A2B-B5290C60FD0D}"
	ProjectSection(ProjectDependencies) = postProject
		{C099A7D5-70FF-42AD-B74E-B2F1EAEEF14E} = {C099A7D5-70FF-42AD-B74E-B2F1EAEEF14E}
	EndProjectSection
EndProject
Project("{8BC9CEB8-8B4A-11D0-8D11-00A0C91BC942}") = "FreeDOCore", "FreeDOCore\FreeDOCore.vcxproj", "{C099A7D5-70FF-42AD-B74E-B2F1EAEEF14E}"
EndProject
Project("{2150E333-8FDC-42A3-9474-1A3956D46DE8}") = "00. FreeDOCore", "00. FreeDOCore", "{E70033C2-100F-415C-8444-6032AEE0ADD6}"
EndProject
Project("{2150E333-8FDC-42A3-9474-1A3956D46DE8}") = "01. CDLib", "01. CDLib", "{D093AF77-3515-414C-BBB0-BE91C427585B}"
EndProject
Project("{2150E333-8FDC-42A3-9474-1A3956D46DE8}") = "03. FourDO", "03. FourDO", "{74062DDC-975E-4332-BC77-E47F65DC7A84}"
EndProject
Project("{FAE04EC0-301F-11D3-BF4B-00C04F79EFBC}") = "CDLib", "CDLib\CDLib.csproj", "{E3BD3EDE-B721-48A8-8EE1-1BA4FAFE5884}"
EndProject
Project("{2150E333-8FDC-42A3-9474-1A3956D46DE8}") = "02. FourDO.Utilities", "02. FourDO.Utilities", "{430249E7-7221-458D-BEB2-EE03B3889B04}"
EndProject
Project("{FAE04EC0-301F-11D3-BF4B-00C04F79EFBC}") = "FourDO.Utilities", "FourDO.Utilities\FourDO.Utilities.csproj", "{90F85307-1C30-4A5F-B434-FBE3958ED750}"
EndProject
Global
	GlobalSection(SolutionConfigurationPlatforms) = preSolution
		Debug|Any CPU = Debug|Any CPU
		Debug|Mixed Platforms = Debug|Mixed Platforms
		Debug|x64 = Debug|x64
		Debug|x86 = Debug|x86
		Package|Any CPU = Package|Any CPU
		Package|Mixed Platforms = Package|Mixed Platforms
		Package|x64 = Package|x64
		Package|x86 = Package|x86
		Release|Any CPU = Release|Any CPU
		Release|Mixed Platforms = Release|Mixed Platforms
		Release|x64 = Release|x64
		Release|x86 = Release|x86
	EndGlobalSection
	GlobalSection(ProjectConfigurationPlatforms) = postSolution
		{0CD2AFB0-E0C8-4295-8A2B-B5290C60FD0D}.Debug|Any CPU.ActiveCfg = Debug|x86
		{0CD2AFB0-E0C8-4295-8A2B-B5290C60FD0D}.Debug|Mixed Platforms.ActiveCfg = Debug|x86
		{0CD2AFB0-E0C8-4295-8A2B-B5290C60FD0D}.Debug|Mixed Platforms.Build.0 = Debug|x86
		{0CD2AFB0-E0C8-4295-8A2B-B5290C60FD0D}.Debug|x64.ActiveCfg = Debug|x86
		{0CD2AFB0-E0C8-4295-8A2B-B5290C60FD0D}.Debug|x86.ActiveCfg = Debug|x86
		{0CD2AFB0-E0C8-4295-8A2B-B5290C60FD0D}.Debug|x86.Build.0 = Debug|x86
		{0CD2AFB0-E0C8-4295-8A2B-B5290C60FD0D}.Package|Any CPU.ActiveCfg = Release|x86
		{0CD2AFB0-E0C8-4295-8A2B-B5290C60FD0D}.Package|Mixed Platforms.ActiveCfg = Release|x86
		{0CD2AFB0-E0C8-4295-8A2B-B5290C60FD0D}.Package|Mixed Platforms.Build.0 = Release|x86
		{0CD2AFB0-E0C8-4295-8A2B-B5290C60FD0D}.Package|x64.ActiveCfg = Release|x86
		{0CD2AFB0-E0C8-4295-8A2B-B5290C60FD0D}.Package|x86.ActiveCfg = Release|x86
		{0CD2AFB0-E0C8-4295-8A2B-B5290C60FD0D}.Package|x86.Build.0 = Release|x86
		{0CD2AFB0-E0C8-4295-8A2B-B5290C60FD0D}.Release|Any CPU.ActiveCfg = Release|x86
		{0CD2AFB0-E0C8-4295-8A2B-B5290C60FD0D}.Release|Mixed Platforms.ActiveCfg = Release|x86
		{0CD2AFB0-E0C8-4295-8A2B-B5290C60FD0D}.Release|Mixed Platforms.Build.0 = Release|x86
		{0CD2AFB0-E0C8-4295-8A2B-B5290C60FD0D}.Release|x64.ActiveCfg = Release|x86
		{0CD2AFB0-E0C8-4295-8A2B-B5290C60FD0D}.Release|x86.ActiveCfg = Release|x86
		{0CD2AFB0-E0C8-4295-8A2B-B5290C60FD0D}.Release|x86.Build.0 = Release|x86
		{C099A7D5-70FF-42AD-B74E-B2F1EAEEF14E}.Debug|Any CPU.ActiveCfg = Debug|Win32
		{C099A7D5-70FF-42AD-B74E-B2F1EAEEF14E}.Debug|Mixed Platforms.ActiveCfg = Debug|Win32
		{C099A7D5-70FF-42AD-B74E-B2F1EAEEF14E}.Debug|Mixed Platforms.Build.0 = Debug|Win32
		{C099A7D5-70FF-42AD-B74E-B2F1EAEEF14E}.Debug|x64.ActiveCfg = Debug|Win32
		{C099A7D5-70FF-42AD-B74E-B2F1EAEEF14E}.Debug|x64.Build.0 = Debug|Win32
		{C099A7D5-70FF-42AD-B74E-B2F1EAEEF14E}.Debug|x86.ActiveCfg = Debug|Win32
		{C099A7D5-70FF-42AD-B74E-B2F1EAEEF14E}.Debug|x86.Build.0 = Debug|Win32
		{C099A7D5-70FF-42AD-B74E-B2F1EAEEF14E}.Package|Any CPU.ActiveCfg = Release|Win32
		{C099A7D5-70FF-42AD-B74E-B2F1EAEEF14E}.Package|Mixed Platforms.ActiveCfg = Release|Win32
		{C099A7D5-70FF-42AD-B74E-B2F1EAEEF14E}.Package|Mixed Platforms.Build.0 = Release|Win32
		{C099A7D5-70FF-42AD-B74E-B2F1EAEEF14E}.Package|x64.ActiveCfg = Release|Win32
		{C099A7D5-70FF-42AD-B74E-B2F1EAEEF14E}.Package|x64.Build.0 = Release|Win32
		{C099A7D5-70FF-42AD-B74E-B2F1EAEEF14E}.Package|x86.ActiveCfg = Release|Win32
		{C099A7D5-70FF-42AD-B74E-B2F1EAEEF14E}.Package|x86.Build.0 = Release|Win32
		{C099A7D5-70FF-42AD-B74E-B2F1EAEEF14E}.Release|Any CPU.ActiveCfg = Release|Win32
		{C099A7D5-70FF-42AD-B74E-B2F1EAEEF14E}.Release|Mixed Platforms.ActiveCfg = Release|Win32
		{C099A7D5-70FF-42AD-B74E-B2F1EAEEF14E}.Release|Mixed Platforms.Build.0 = Release|Win32
		{C099A7D5-70FF-42AD-B74E-B2F1EAEEF14E}.Release|x64.ActiveCfg = Release|Win32
		{C099A7D5-70FF-42AD-B74E-B2F1EAEEF14E}.Release|x64.Build.0 = Release|Win32
		{C099A7D5-70FF-42AD-B74E-B2F1EAEEF14E}.Release|x86.ActiveCfg = Release|Win32
		{C099A7D5-70FF-42AD-B74E-B2F1EAEEF14E}.Release|x86.Build.0 = Release|Win32
		{E3BD3EDE-B721-48A8-8EE1-1BA4FAFE5884}.Debug|Any CPU.ActiveCfg = Debug|Any CPU
		{E3BD3EDE-B721-48A8-8EE1-1BA4FAFE5884}.Debug|Any CPU.Build.0 = Debug|Any CPU
		{E3BD3EDE-B721-48A8-8EE1-1BA4FAFE5884}.Debug|Mixed Platforms.ActiveCfg = Debug|Any CPU
		{E3BD3EDE-B721-48A8-8EE1-1BA4FAFE5884}.Debug|Mixed Platforms.Build.0 = Debug|Any CPU
		{E3BD3EDE-B721-48A8-8EE1-1BA4FAFE5884}.Debug|x64.ActiveCfg = Debug|Any CPU
		{E3BD3EDE-B721-48A8-8EE1-1BA4FAFE5884}.Debug|x64.Build.0 = Debug|Any CPU
		{E3BD3EDE-B721-48A8-8EE1-1BA4FAFE5884}.Debug|x86.ActiveCfg = Debug|Any CPU
		{E3BD3EDE-B721-48A8-8EE1-1BA4FAFE5884}.Debug|x86.Build.0 = Debug|Any CPU
		{E3BD3EDE-B721-48A8-8EE1-1BA4FAFE5884}.Package|Any CPU.ActiveCfg = Release|Any CPU
		{E3BD3EDE-B721-48A8-8EE1-1BA4FAFE5884}.Package|Any CPU.Build.0 = Release|Any CPU
		{E3BD3EDE-B721-48A8-8EE1-1BA4FAFE5884}.Package|Mixed Platforms.ActiveCfg = Release|Any CPU
		{E3BD3EDE-B721-48A8-8EE1-1BA4FAFE5884}.Package|Mixed Platforms.Build.0 = Release|Any CPU
		{E3BD3EDE-B721-48A8-8EE1-1BA4FAFE5884}.Package|x64.ActiveCfg = Release|Any CPU
		{E3BD3EDE-B721-48A8-8EE1-1BA4FAFE5884}.Package|x64.Build.0 = Release|Any CPU
		{E3BD3EDE-B721-48A8-8EE1-1BA4FAFE5884}.Package|x86.ActiveCfg = Release|Any CPU
		{E3BD3EDE-B721-48A8-8EE1-1BA4FAFE5884}.Package|x86.Build.0 = Release|Any CPU
		{E3BD3EDE-B721-48A8-8EE1-1BA4FAFE5884}.Release|Any CPU.ActiveCfg = Release|Any CPU
		{E3BD3EDE-B721-48A8-8EE1-1BA4FAFE5884}.Release|Any CPU.Build.0 = Release|Any CPU
		{E3BD3EDE-B721-48A8-8EE1-1BA4FAFE5884}.Release|Mixed Platforms.ActiveCfg = Release|Any CPU
		{E3BD3EDE-B721-48A8-8EE1-1BA4FAFE5884}.Release|Mixed Platforms.Build.0 = Release|Any CPU
		{E3BD3EDE-B721-48A8-8EE1-1BA4FAFE5884}.Release|x64.ActiveCfg = Release|Any CPU
		{E3BD3EDE-B721-48A8-8EE1-1BA4FAFE5884}.Release|x64.Build.0 = Release|Any CPU
		{E3BD3EDE-B721-48A8-8EE1-1BA4FAFE5884}.Release|x86.ActiveCfg = Release|Any CPU
		{E3BD3EDE-B721-48A8-8EE1-1BA4FAFE5884}.Release|x86.Build.0 = Release|Any CPU
		{90F85307-1C30-4A5F-B434-FBE3958ED750}.Debug|Any CPU.ActiveCfg = Debug|Any CPU
		{90F85307-1C30-4A5F-B434-FBE3958ED750}.Debug|Any CPU.Build.0 = Debug|Any CPU
		{90F85307-1C30-4A5F-B434-FBE3958ED750}.Debug|Mixed Platforms.ActiveCfg = Debug|Any CPU
		{90F85307-1C30-4A5F-B434-FBE3958ED750}.Debug|Mixed Platforms.Build.0 = Debug|Any CPU
		{90F85307-1C30-4A5F-B434-FBE3958ED750}.Debug|x64.ActiveCfg = Debug|Any CPU
		{90F85307-1C30-4A5F-B434-FBE3958ED750}.Debug|x86.ActiveCfg = Debug|Any CPU
		{90F85307-1C30-4A5F-B434-FBE3958ED750}.Debug|x86.Build.0 = Debug|Any CPU
		{90F85307-1C30-4A5F-B434-FBE3958ED750}.Package|Any CPU.ActiveCfg = Release|Any CPU
		{90F85307-1C30-4A5F-B434-FBE3958ED750}.Package|Any CPU.Build.0 = Release|Any CPU
		{90F85307-1C30-4A5F-B434-FBE3958ED750}.Package|Mixed Platforms.ActiveCfg = Release|Any CPU
		{90F85307-1C30-4A5F-B434-FBE3958ED750}.Package|Mixed Platforms.Build.0 = Release|Any CPU
		{90F85307-1C30-4A5F-B434-FBE3958ED750}.Package|x64.ActiveCfg = Release|Any CPU
		{90F85307-1C30-4A5F-B434-FBE3958ED750}.Package|x86.ActiveCfg = Release|Any CPU
		{90F85307-1C30-4A5F-B434-FBE3958ED750}.Release|Any CPU.ActiveCfg = Release|Any CPU
		{90F85307-1C30-4A5F-B434-FBE3958ED750}.Release|Any CPU.Build.0 = Release|Any CPU
		{90F85307-1C30-4A5F-B434-FBE3958ED750}.Release|Mixed Platforms.ActiveCfg = Release|Any CPU
		{90F85307-1C30-4A5F-B434-FBE3958ED750}.Release|Mixed Platforms.Build.0 = Release|Any CPU
		{90F85307-1C30-4A5F-B434-FBE3958ED750}.Release|x64.ActiveCfg = Release|Any CPU
		{90F85307-1C30-4A5F-B434-FBE3958ED750}.Release|x86.ActiveCfg = Release|Any CPU
		{90F85307-1C30-4A5F-B434-FBE3958ED750}.Release|x86.Build.0 = Release|Any CPU
	EndGlobalSection
	GlobalSection(SolutionProperties) = preSolution
		HideSolutionNode = FALSE
	EndGlobalSection
	GlobalSection(NestedProjects) = preSolution
		{0CD2AFB0-E0C8-4295-8A2B-B5290C60FD0D} = {74062DDC-975E-4332-BC77-E47F65DC7A84}
		{C099A7D5-70FF-42AD-B74E-B2F1EAEEF14E} = {E70033C2-100F-415C-8444-6032AEE0ADD6}
		{E3BD3EDE-B721-48A8-8EE1-1BA4FAFE5884} = {D093AF77-3515-414C-BBB0-BE91C427585B}
		{90F85307-1C30-4A5F-B434-FBE3958ED750} = {430249E7-7221-458D-BEB2-EE03B3889B04}
	EndGlobalSection
EndGlobal
