
Microsoft Visual Studio Solution File, Format Version 11.00
# Visual Studio 2010
Project("{FAE04EC0-301F-11D3-BF4B-00C04F79EFBC}") = "FourDO", "FourDO\FourDO.csproj", "{0CD2AFB0-E0C8-4295-8A2B-B5290C60FD0D}"
	ProjectSection(ProjectDependencies) = postProject
		{C099A7D5-70FF-42AD-B74E-B2F1EAEEF14E} = {C099A7D5-70FF-42AD-B74E-B2F1EAEEF14E}
	EndProjectSection
EndProject
Project("{8BC9CEB8-8B4A-11D0-8D11-00A0C91BC942}") = "FreeDOCore", "FreeDOCore\FreeDOCore.vcxproj", "{C099A7D5-70FF-42AD-B74E-B2F1EAEEF14E}"
EndProject
Project("{FAE04EC0-301F-11D3-BF4B-00C04F79EFBC}") = "WaveLib", "WaveLib\WaveLib.csproj", "{D72CC69F-2065-4BA2-A499-ABF352C0733D}"
EndProject
Project("{2150E333-8FDC-42A3-9474-1A3956D46DE8}") = "00. FreeDOCore", "00. FreeDOCore", "{E70033C2-100F-415C-8444-6032AEE0ADD6}"
EndProject
Project("{2150E333-8FDC-42A3-9474-1A3956D46DE8}") = "01. WaveLib", "01. WaveLib", "{96D5514F-3329-4CC6-B00D-C1387DCEB7F7}"
EndProject
Project("{2150E333-8FDC-42A3-9474-1A3956D46DE8}") = "02. FourDO", "02. FourDO", "{D093AF77-3515-414C-BBB0-BE91C427585B}"
EndProject
Global
	GlobalSection(SolutionConfigurationPlatforms) = preSolution
		Debug|Any CPU = Debug|Any CPU
		Debug|Mixed Platforms = Debug|Mixed Platforms
		Debug|Win32 = Debug|Win32
		Debug|x86 = Debug|x86
		Release|Any CPU = Release|Any CPU
		Release|Mixed Platforms = Release|Mixed Platforms
		Release|Win32 = Release|Win32
		Release|x86 = Release|x86
	EndGlobalSection
	GlobalSection(ProjectConfigurationPlatforms) = postSolution
		{0CD2AFB0-E0C8-4295-8A2B-B5290C60FD0D}.Debug|Any CPU.ActiveCfg = Debug|x86
		{0CD2AFB0-E0C8-4295-8A2B-B5290C60FD0D}.Debug|Mixed Platforms.ActiveCfg = Debug|x86
		{0CD2AFB0-E0C8-4295-8A2B-B5290C60FD0D}.Debug|Mixed Platforms.Build.0 = Debug|x86
		{0CD2AFB0-E0C8-4295-8A2B-B5290C60FD0D}.Debug|Win32.ActiveCfg = Debug|x86
		{0CD2AFB0-E0C8-4295-8A2B-B5290C60FD0D}.Debug|x86.ActiveCfg = Debug|x86
		{0CD2AFB0-E0C8-4295-8A2B-B5290C60FD0D}.Debug|x86.Build.0 = Debug|x86
		{0CD2AFB0-E0C8-4295-8A2B-B5290C60FD0D}.Release|Any CPU.ActiveCfg = Release|x86
		{0CD2AFB0-E0C8-4295-8A2B-B5290C60FD0D}.Release|Mixed Platforms.ActiveCfg = Release|x86
		{0CD2AFB0-E0C8-4295-8A2B-B5290C60FD0D}.Release|Mixed Platforms.Build.0 = Release|x86
		{0CD2AFB0-E0C8-4295-8A2B-B5290C60FD0D}.Release|Win32.ActiveCfg = Release|x86
		{0CD2AFB0-E0C8-4295-8A2B-B5290C60FD0D}.Release|x86.ActiveCfg = Release|x86
		{0CD2AFB0-E0C8-4295-8A2B-B5290C60FD0D}.Release|x86.Build.0 = Release|x86
		{C099A7D5-70FF-42AD-B74E-B2F1EAEEF14E}.Debug|Any CPU.ActiveCfg = Debug|Win32
		{C099A7D5-70FF-42AD-B74E-B2F1EAEEF14E}.Debug|Mixed Platforms.ActiveCfg = Debug|Win32
		{C099A7D5-70FF-42AD-B74E-B2F1EAEEF14E}.Debug|Mixed Platforms.Build.0 = Debug|Win32
		{C099A7D5-70FF-42AD-B74E-B2F1EAEEF14E}.Debug|Win32.ActiveCfg = Debug|Win32
		{C099A7D5-70FF-42AD-B74E-B2F1EAEEF14E}.Debug|Win32.Build.0 = Debug|Win32
		{C099A7D5-70FF-42AD-B74E-B2F1EAEEF14E}.Debug|x86.ActiveCfg = Debug|Win32
		{C099A7D5-70FF-42AD-B74E-B2F1EAEEF14E}.Release|Any CPU.ActiveCfg = Release|Win32
		{C099A7D5-70FF-42AD-B74E-B2F1EAEEF14E}.Release|Mixed Platforms.ActiveCfg = Release|Win32
		{C099A7D5-70FF-42AD-B74E-B2F1EAEEF14E}.Release|Mixed Platforms.Build.0 = Release|Win32
		{C099A7D5-70FF-42AD-B74E-B2F1EAEEF14E}.Release|Win32.ActiveCfg = Release|Win32
		{C099A7D5-70FF-42AD-B74E-B2F1EAEEF14E}.Release|Win32.Build.0 = Release|Win32
		{C099A7D5-70FF-42AD-B74E-B2F1EAEEF14E}.Release|x86.ActiveCfg = Release|Win32
		{D72CC69F-2065-4BA2-A499-ABF352C0733D}.Debug|Any CPU.ActiveCfg = Debug|Any CPU
		{D72CC69F-2065-4BA2-A499-ABF352C0733D}.Debug|Any CPU.Build.0 = Debug|Any CPU
		{D72CC69F-2065-4BA2-A499-ABF352C0733D}.Debug|Mixed Platforms.ActiveCfg = Debug|Any CPU
		{D72CC69F-2065-4BA2-A499-ABF352C0733D}.Debug|Mixed Platforms.Build.0 = Debug|Any CPU
		{D72CC69F-2065-4BA2-A499-ABF352C0733D}.Debug|Win32.ActiveCfg = Debug|Any CPU
		{D72CC69F-2065-4BA2-A499-ABF352C0733D}.Debug|x86.ActiveCfg = Debug|Any CPU
		{D72CC69F-2065-4BA2-A499-ABF352C0733D}.Release|Any CPU.ActiveCfg = Release|Any CPU
		{D72CC69F-2065-4BA2-A499-ABF352C0733D}.Release|Any CPU.Build.0 = Release|Any CPU
		{D72CC69F-2065-4BA2-A499-ABF352C0733D}.Release|Mixed Platforms.ActiveCfg = Release|Any CPU
		{D72CC69F-2065-4BA2-A499-ABF352C0733D}.Release|Mixed Platforms.Build.0 = Release|Any CPU
		{D72CC69F-2065-4BA2-A499-ABF352C0733D}.Release|Win32.ActiveCfg = Release|Any CPU
		{D72CC69F-2065-4BA2-A499-ABF352C0733D}.Release|x86.ActiveCfg = Release|Any CPU
	EndGlobalSection
	GlobalSection(SolutionProperties) = preSolution
		HideSolutionNode = FALSE
	EndGlobalSection
	GlobalSection(NestedProjects) = preSolution
		{C099A7D5-70FF-42AD-B74E-B2F1EAEEF14E} = {E70033C2-100F-415C-8444-6032AEE0ADD6}
		{D72CC69F-2065-4BA2-A499-ABF352C0733D} = {96D5514F-3329-4CC6-B00D-C1387DCEB7F7}
		{0CD2AFB0-E0C8-4295-8A2B-B5290C60FD0D} = {D093AF77-3515-414C-BBB0-BE91C427585B}
	EndGlobalSection
EndGlobal
