
Microsoft Visual Studio Solution File, Format Version 11.00
# Visual Studio 2010
Project("{FAE04EC0-301F-11D3-BF4B-00C04F79EFBC}") = "FourDO", "FourDO\FourDO.csproj", "{0CD2AFB0-E0C8-4295-8A2B-B5290C60FD0D}"
	ProjectSection(ProjectDependencies) = postProject
		{C099A7D5-70FF-42AD-B74E-B2F1EAEEF14E} = {C099A7D5-70FF-42AD-B74E-B2F1EAEEF14E}
	EndProjectSection
EndProject
Project("{8BC9CEB8-8B4A-11D0-8D11-00A0C91BC942}") = "FreeDOCore", "FreeDOCore\FreeDOCore.vcxproj", "{C099A7D5-70FF-42AD-B74E-B2F1EAEEF14E}"
EndProject
Project("{FAE04EC0-301F-11D3-BF4B-00C04F79EFBC}") = "WaveLib", "WaveLib\WaveLib.csproj", "{D72CC69F-2065-4BA2-A499-ABF352C0733D}"
EndProject
Project("{2150E333-8FDC-42A3-9474-1A3956D46DE8}") = "00. FreeDOCore", "00. FreeDOCore", "{E70033C2-100F-415C-8444-6032AEE0ADD6}"
EndProject
Project("{2150E333-8FDC-42A3-9474-1A3956D46DE8}") = "01. WaveLib", "01. WaveLib", "{96D5514F-3329-4CC6-B00D-C1387DCEB7F7}"
EndProject
Project("{2150E333-8FDC-42A3-9474-1A3956D46DE8}") = "02. CDLib", "02. CDLib", "{D093AF77-3515-414C-BBB0-BE91C427585B}"
EndProject
Project("{2150E333-8FDC-42A3-9474-1A3956D46DE8}") = "03. FourDO", "03. FourDO", "{74062DDC-975E-4332-BC77-E47F65DC7A84}"
EndProject
Project("{FAE04EC0-301F-11D3-BF4B-00C04F79EFBC}") = "CDLib", "CDLib\CDLib.csproj", "{E3BD3EDE-B721-48A8-8EE1-1BA4FAFE5884}"
EndProject
Project("{2150E333-8FDC-42A3-9474-1A3956D46DE8}") = "04. Setup", "04. Setup", "{D3AA33E3-9C84-452D-BD75-1C5004981458}"
EndProject
Project("{930C7802-8A8C-48F9-8165-68863BCCD9DD}") = "WixSetup", "WixSetup\WixSetup.wixproj", "{622F6D5B-6943-4AC8-B315-D228081CE083}"
EndProject
Global
	GlobalSection(SolutionConfigurationPlatforms) = preSolution
		Debug|x64 = Debug|x64
		Debug|x86 = Debug|x86
		Package|x64 = Package|x64
		Package|x86 = Package|x86
		Release|x64 = Release|x64
		Release|x86 = Release|x86
	EndGlobalSection
	GlobalSection(ProjectConfigurationPlatforms) = postSolution
		{0CD2AFB0-E0C8-4295-8A2B-B5290C60FD0D}.Debug|x64.ActiveCfg = Debug|x86
		{0CD2AFB0-E0C8-4295-8A2B-B5290C60FD0D}.Debug|x86.ActiveCfg = Debug|x86
		{0CD2AFB0-E0C8-4295-8A2B-B5290C60FD0D}.Debug|x86.Build.0 = Debug|x86
		{0CD2AFB0-E0C8-4295-8A2B-B5290C60FD0D}.Package|x64.ActiveCfg = Release|x86
		{0CD2AFB0-E0C8-4295-8A2B-B5290C60FD0D}.Package|x86.ActiveCfg = Release|x86
		{0CD2AFB0-E0C8-4295-8A2B-B5290C60FD0D}.Package|x86.Build.0 = Release|x86
		{0CD2AFB0-E0C8-4295-8A2B-B5290C60FD0D}.Release|x64.ActiveCfg = Release|x86
		{0CD2AFB0-E0C8-4295-8A2B-B5290C60FD0D}.Release|x86.ActiveCfg = Release|x86
		{0CD2AFB0-E0C8-4295-8A2B-B5290C60FD0D}.Release|x86.Build.0 = Release|x86
		{C099A7D5-70FF-42AD-B74E-B2F1EAEEF14E}.Debug|x64.ActiveCfg = Debug|Win32
		{C099A7D5-70FF-42AD-B74E-B2F1EAEEF14E}.Debug|x64.Build.0 = Debug|Win32
		{C099A7D5-70FF-42AD-B74E-B2F1EAEEF14E}.Debug|x86.ActiveCfg = Debug|Win32
		{C099A7D5-70FF-42AD-B74E-B2F1EAEEF14E}.Debug|x86.Build.0 = Debug|Win32
		{C099A7D5-70FF-42AD-B74E-B2F1EAEEF14E}.Package|x64.ActiveCfg = Release|Win32
		{C099A7D5-70FF-42AD-B74E-B2F1EAEEF14E}.Package|x64.Build.0 = Release|Win32
		{C099A7D5-70FF-42AD-B74E-B2F1EAEEF14E}.Package|x86.ActiveCfg = Release|Win32
		{C099A7D5-70FF-42AD-B74E-B2F1EAEEF14E}.Package|x86.Build.0 = Release|Win32
		{C099A7D5-70FF-42AD-B74E-B2F1EAEEF14E}.Release|x64.ActiveCfg = Release|Win32
		{C099A7D5-70FF-42AD-B74E-B2F1EAEEF14E}.Release|x64.Build.0 = Release|Win32
		{C099A7D5-70FF-42AD-B74E-B2F1EAEEF14E}.Release|x86.ActiveCfg = Release|Win32
		{C099A7D5-70FF-42AD-B74E-B2F1EAEEF14E}.Release|x86.Build.0 = Release|Win32
		{D72CC69F-2065-4BA2-A499-ABF352C0733D}.Debug|x64.ActiveCfg = Debug|Any CPU
		{D72CC69F-2065-4BA2-A499-ABF352C0733D}.Debug|x64.Build.0 = Debug|Any CPU
		{D72CC69F-2065-4BA2-A499-ABF352C0733D}.Debug|x86.ActiveCfg = Debug|Any CPU
		{D72CC69F-2065-4BA2-A499-ABF352C0733D}.Debug|x86.Build.0 = Debug|Any CPU
		{D72CC69F-2065-4BA2-A499-ABF352C0733D}.Package|x64.ActiveCfg = Release|Any CPU
		{D72CC69F-2065-4BA2-A499-ABF352C0733D}.Package|x64.Build.0 = Release|Any CPU
		{D72CC69F-2065-4BA2-A499-ABF352C0733D}.Package|x86.ActiveCfg = Release|Any CPU
		{D72CC69F-2065-4BA2-A499-ABF352C0733D}.Package|x86.Build.0 = Release|Any CPU
		{D72CC69F-2065-4BA2-A499-ABF352C0733D}.Release|x64.ActiveCfg = Release|Any CPU
		{D72CC69F-2065-4BA2-A499-ABF352C0733D}.Release|x64.Build.0 = Release|Any CPU
		{D72CC69F-2065-4BA2-A499-ABF352C0733D}.Release|x86.ActiveCfg = Release|Any CPU
		{D72CC69F-2065-4BA2-A499-ABF352C0733D}.Release|x86.Build.0 = Release|Any CPU
		{E3BD3EDE-B721-48A8-8EE1-1BA4FAFE5884}.Debug|x64.ActiveCfg = Debug|Any CPU
		{E3BD3EDE-B721-48A8-8EE1-1BA4FAFE5884}.Debug|x64.Build.0 = Debug|Any CPU
		{E3BD3EDE-B721-48A8-8EE1-1BA4FAFE5884}.Debug|x86.ActiveCfg = Debug|Any CPU
		{E3BD3EDE-B721-48A8-8EE1-1BA4FAFE5884}.Debug|x86.Build.0 = Debug|Any CPU
		{E3BD3EDE-B721-48A8-8EE1-1BA4FAFE5884}.Package|x64.ActiveCfg = Release|Any CPU
		{E3BD3EDE-B721-48A8-8EE1-1BA4FAFE5884}.Package|x64.Build.0 = Release|Any CPU
		{E3BD3EDE-B721-48A8-8EE1-1BA4FAFE5884}.Package|x86.ActiveCfg = Release|Any CPU
		{E3BD3EDE-B721-48A8-8EE1-1BA4FAFE5884}.Package|x86.Build.0 = Release|Any CPU
		{E3BD3EDE-B721-48A8-8EE1-1BA4FAFE5884}.Release|x64.ActiveCfg = Release|Any CPU
		{E3BD3EDE-B721-48A8-8EE1-1BA4FAFE5884}.Release|x64.Build.0 = Release|Any CPU
		{E3BD3EDE-B721-48A8-8EE1-1BA4FAFE5884}.Release|x86.ActiveCfg = Release|Any CPU
		{E3BD3EDE-B721-48A8-8EE1-1BA4FAFE5884}.Release|x86.Build.0 = Release|Any CPU
		{622F6D5B-6943-4AC8-B315-D228081CE083}.Debug|x64.ActiveCfg = Debug|x64
		{622F6D5B-6943-4AC8-B315-D228081CE083}.Debug|x86.ActiveCfg = Debug|x86
		{622F6D5B-6943-4AC8-B315-D228081CE083}.Package|x64.ActiveCfg = Release|x64
		{622F6D5B-6943-4AC8-B315-D228081CE083}.Package|x64.Build.0 = Release|x64
		{622F6D5B-6943-4AC8-B315-D228081CE083}.Package|x86.ActiveCfg = Release|x86
		{622F6D5B-6943-4AC8-B315-D228081CE083}.Package|x86.Build.0 = Release|x86
		{622F6D5B-6943-4AC8-B315-D228081CE083}.Release|x64.ActiveCfg = Release|x64
		{622F6D5B-6943-4AC8-B315-D228081CE083}.Release|x86.ActiveCfg = Release|x86
	EndGlobalSection
	GlobalSection(SolutionProperties) = preSolution
		HideSolutionNode = FALSE
	EndGlobalSection
	GlobalSection(NestedProjects) = preSolution
		{0CD2AFB0-E0C8-4295-8A2B-B5290C60FD0D} = {74062DDC-975E-4332-BC77-E47F65DC7A84}
		{C099A7D5-70FF-42AD-B74E-B2F1EAEEF14E} = {E70033C2-100F-415C-8444-6032AEE0ADD6}
		{D72CC69F-2065-4BA2-A499-ABF352C0733D} = {96D5514F-3329-4CC6-B00D-C1387DCEB7F7}
		{E3BD3EDE-B721-48A8-8EE1-1BA4FAFE5884} = {D093AF77-3515-414C-BBB0-BE91C427585B}
		{622F6D5B-6943-4AC8-B315-D228081CE083} = {D3AA33E3-9C84-452D-BD75-1C5004981458}
	EndGlobalSection
EndGlobal
